
Microsoft Visual Studio Solution File, Format Version 11.00
# Visual Studio 2010
Project("{FAE04EC0-301F-11D3-BF4B-00C04F79EFBC}") = "ObjectLibrary", "ObjectLibrary\ObjectLibrary.csproj", "{6946B634-49FF-4F80-826D-0D08FA66687E}"
EndProject
Project("{FAE04EC0-301F-11D3-BF4B-00C04F79EFBC}") = "Widgets", "Widgets\Widgets.csproj", "{D7A171C5-173B-4E82-B5F1-9C17FE6F9049}"
EndProject
Project("{FAE04EC0-301F-11D3-BF4B-00C04F79EFBC}") = "Engines", "Engines\Engines.csproj", "{0EFA0952-46DE-477C-83F8-2E2AD27A5DA9}"
EndProject
Project("{FAE04EC0-301F-11D3-BF4B-00C04F79EFBC}") = "ShowdownGame", "ShowdownGame\ShowdownGame.csproj", "{8C67C9FE-2D75-4880-80BF-B99E670DD0C9}"
EndProject
Project("{FAE04EC0-301F-11D3-BF4B-00C04F79EFBC}") = "LeagueManager", "LeagueManager\LeagueManager.csproj", "{1B557E00-D6BC-4C7F-B0D0-2CD68B2EEA9C}"
EndProject
Project("{FAE04EC0-301F-11D3-BF4B-00C04F79EFBC}") = "DBTestBed", "DBTestBed\DBTestBed.csproj", "{65F07650-0241-4B53-92C3-E235C505E227}"
EndProject
Project("{FAE04EC0-301F-11D3-BF4B-00C04F79EFBC}") = "DbLibrary", "dblibrary\DbLibrary.csproj", "{DEDF4758-60D9-4386-8263-92EB2E845C16}"
EndProject
Project("{FAE04EC0-301F-11D3-BF4B-00C04F79EFBC}") = "CardLoader", "ConsoleApplication1\CardLoader.csproj", "{FB088A57-D7C3-4E75-B08E-A32972F1E017}"
EndProject
Project("{FAE04EC0-301F-11D3-BF4B-00C04F79EFBC}") = "SharedForms", "SharedForms\SharedForms.csproj", "{D696538A-8831-4A9C-9549-66ABA8BA0B1C}"
EndProject
Project("{FAE04EC0-301F-11D3-BF4B-00C04F79EFBC}") = "ShowdownGameSvc", "ShowdownGameSvc\ShowdownGameSvc.csproj", "{FB2E41E3-B6C0-4267-9A46-19C89A5238A5}"
EndProject
Project("{FAE04EC0-301F-11D3-BF4B-00C04F79EFBC}") = "ShowdownGameServer", "ShowdownGameServer\ShowdownGameServer.csproj", "{0F24E811-9B5C-4C2B-B4B7-AD3C4AF78B13}"
EndProject
Global
	GlobalSection(SolutionConfigurationPlatforms) = preSolution
		Debug|Any CPU = Debug|Any CPU
		Debug|Mixed Platforms = Debug|Mixed Platforms
		Debug|x64 = Debug|x64
		Debug|x86 = Debug|x86
		Release|Any CPU = Release|Any CPU
		Release|Mixed Platforms = Release|Mixed Platforms
		Release|x64 = Release|x64
		Release|x86 = Release|x86
	EndGlobalSection
	GlobalSection(ProjectConfigurationPlatforms) = postSolution
		{6946B634-49FF-4F80-826D-0D08FA66687E}.Debug|Any CPU.ActiveCfg = Debug|Any CPU
		{6946B634-49FF-4F80-826D-0D08FA66687E}.Debug|Any CPU.Build.0 = Debug|Any CPU
		{6946B634-49FF-4F80-826D-0D08FA66687E}.Debug|Mixed Platforms.ActiveCfg = Debug|x64
		{6946B634-49FF-4F80-826D-0D08FA66687E}.Debug|Mixed Platforms.Build.0 = Debug|x64
		{6946B634-49FF-4F80-826D-0D08FA66687E}.Debug|x64.ActiveCfg = Debug|x64
		{6946B634-49FF-4F80-826D-0D08FA66687E}.Debug|x64.Build.0 = Debug|x64
		{6946B634-49FF-4F80-826D-0D08FA66687E}.Debug|x86.ActiveCfg = Debug|x64
		{6946B634-49FF-4F80-826D-0D08FA66687E}.Release|Any CPU.ActiveCfg = Release|Any CPU
		{6946B634-49FF-4F80-826D-0D08FA66687E}.Release|Any CPU.Build.0 = Release|Any CPU
		{6946B634-49FF-4F80-826D-0D08FA66687E}.Release|Mixed Platforms.ActiveCfg = Release|x64
		{6946B634-49FF-4F80-826D-0D08FA66687E}.Release|Mixed Platforms.Build.0 = Release|x64
		{6946B634-49FF-4F80-826D-0D08FA66687E}.Release|x64.ActiveCfg = Release|x64
		{6946B634-49FF-4F80-826D-0D08FA66687E}.Release|x64.Build.0 = Release|x64
		{6946B634-49FF-4F80-826D-0D08FA66687E}.Release|x86.ActiveCfg = Release|x64
		{D7A171C5-173B-4E82-B5F1-9C17FE6F9049}.Debug|Any CPU.ActiveCfg = Debug|Any CPU
		{D7A171C5-173B-4E82-B5F1-9C17FE6F9049}.Debug|Any CPU.Build.0 = Debug|Any CPU
		{D7A171C5-173B-4E82-B5F1-9C17FE6F9049}.Debug|Mixed Platforms.ActiveCfg = Debug|x64
		{D7A171C5-173B-4E82-B5F1-9C17FE6F9049}.Debug|Mixed Platforms.Build.0 = Debug|x64
		{D7A171C5-173B-4E82-B5F1-9C17FE6F9049}.Debug|x64.ActiveCfg = Debug|x64
		{D7A171C5-173B-4E82-B5F1-9C17FE6F9049}.Debug|x64.Build.0 = Debug|x64
		{D7A171C5-173B-4E82-B5F1-9C17FE6F9049}.Debug|x86.ActiveCfg = Debug|x64
		{D7A171C5-173B-4E82-B5F1-9C17FE6F9049}.Release|Any CPU.ActiveCfg = Release|Any CPU
		{D7A171C5-173B-4E82-B5F1-9C17FE6F9049}.Release|Any CPU.Build.0 = Release|Any CPU
		{D7A171C5-173B-4E82-B5F1-9C17FE6F9049}.Release|Mixed Platforms.ActiveCfg = Release|x64
		{D7A171C5-173B-4E82-B5F1-9C17FE6F9049}.Release|Mixed Platforms.Build.0 = Release|x64
		{D7A171C5-173B-4E82-B5F1-9C17FE6F9049}.Release|x64.ActiveCfg = Release|x64
		{D7A171C5-173B-4E82-B5F1-9C17FE6F9049}.Release|x64.Build.0 = Release|x64
		{D7A171C5-173B-4E82-B5F1-9C17FE6F9049}.Release|x86.ActiveCfg = Release|x64
		{0EFA0952-46DE-477C-83F8-2E2AD27A5DA9}.Debug|Any CPU.ActiveCfg = Debug|Any CPU
		{0EFA0952-46DE-477C-83F8-2E2AD27A5DA9}.Debug|Any CPU.Build.0 = Debug|Any CPU
		{0EFA0952-46DE-477C-83F8-2E2AD27A5DA9}.Debug|Mixed Platforms.ActiveCfg = Debug|x64
		{0EFA0952-46DE-477C-83F8-2E2AD27A5DA9}.Debug|Mixed Platforms.Build.0 = Debug|x64
		{0EFA0952-46DE-477C-83F8-2E2AD27A5DA9}.Debug|x64.ActiveCfg = Debug|x64
		{0EFA0952-46DE-477C-83F8-2E2AD27A5DA9}.Debug|x64.Build.0 = Debug|x64
		{0EFA0952-46DE-477C-83F8-2E2AD27A5DA9}.Debug|x86.ActiveCfg = Debug|x64
		{0EFA0952-46DE-477C-83F8-2E2AD27A5DA9}.Release|Any CPU.ActiveCfg = Release|Any CPU
		{0EFA0952-46DE-477C-83F8-2E2AD27A5DA9}.Release|Any CPU.Build.0 = Release|Any CPU
		{0EFA0952-46DE-477C-83F8-2E2AD27A5DA9}.Release|Mixed Platforms.ActiveCfg = Release|x64
		{0EFA0952-46DE-477C-83F8-2E2AD27A5DA9}.Release|Mixed Platforms.Build.0 = Release|x64
		{0EFA0952-46DE-477C-83F8-2E2AD27A5DA9}.Release|x64.ActiveCfg = Release|x64
		{0EFA0952-46DE-477C-83F8-2E2AD27A5DA9}.Release|x64.Build.0 = Release|x64
		{0EFA0952-46DE-477C-83F8-2E2AD27A5DA9}.Release|x86.ActiveCfg = Release|x64
		{8C67C9FE-2D75-4880-80BF-B99E670DD0C9}.Debug|Any CPU.ActiveCfg = Debug|Any CPU
		{8C67C9FE-2D75-4880-80BF-B99E670DD0C9}.Debug|Any CPU.Build.0 = Debug|Any CPU
		{8C67C9FE-2D75-4880-80BF-B99E670DD0C9}.Debug|Mixed Platforms.ActiveCfg = Debug|x64
		{8C67C9FE-2D75-4880-80BF-B99E670DD0C9}.Debug|Mixed Platforms.Build.0 = Debug|x64
		{8C67C9FE-2D75-4880-80BF-B99E670DD0C9}.Debug|x64.ActiveCfg = Debug|x64
		{8C67C9FE-2D75-4880-80BF-B99E670DD0C9}.Debug|x64.Build.0 = Debug|x64
		{8C67C9FE-2D75-4880-80BF-B99E670DD0C9}.Debug|x86.ActiveCfg = Debug|x64
		{8C67C9FE-2D75-4880-80BF-B99E670DD0C9}.Release|Any CPU.ActiveCfg = Release|Any CPU
		{8C67C9FE-2D75-4880-80BF-B99E670DD0C9}.Release|Any CPU.Build.0 = Release|Any CPU
		{8C67C9FE-2D75-4880-80BF-B99E670DD0C9}.Release|Mixed Platforms.ActiveCfg = Release|x64
		{8C67C9FE-2D75-4880-80BF-B99E670DD0C9}.Release|Mixed Platforms.Build.0 = Release|x64
		{8C67C9FE-2D75-4880-80BF-B99E670DD0C9}.Release|x64.ActiveCfg = Release|x64
		{8C67C9FE-2D75-4880-80BF-B99E670DD0C9}.Release|x64.Build.0 = Release|x64
		{8C67C9FE-2D75-4880-80BF-B99E670DD0C9}.Release|x86.ActiveCfg = Release|x64
		{1B557E00-D6BC-4C7F-B0D0-2CD68B2EEA9C}.Debug|Any CPU.ActiveCfg = Debug|Any CPU
		{1B557E00-D6BC-4C7F-B0D0-2CD68B2EEA9C}.Debug|Any CPU.Build.0 = Debug|Any CPU
		{1B557E00-D6BC-4C7F-B0D0-2CD68B2EEA9C}.Debug|Mixed Platforms.ActiveCfg = Debug|x64
		{1B557E00-D6BC-4C7F-B0D0-2CD68B2EEA9C}.Debug|Mixed Platforms.Build.0 = Debug|x64
		{1B557E00-D6BC-4C7F-B0D0-2CD68B2EEA9C}.Debug|x64.ActiveCfg = Debug|x64
		{1B557E00-D6BC-4C7F-B0D0-2CD68B2EEA9C}.Debug|x64.Build.0 = Debug|x64
		{1B557E00-D6BC-4C7F-B0D0-2CD68B2EEA9C}.Debug|x86.ActiveCfg = Debug|x64
		{1B557E00-D6BC-4C7F-B0D0-2CD68B2EEA9C}.Release|Any CPU.ActiveCfg = Release|Any CPU
		{1B557E00-D6BC-4C7F-B0D0-2CD68B2EEA9C}.Release|Any CPU.Build.0 = Release|Any CPU
		{1B557E00-D6BC-4C7F-B0D0-2CD68B2EEA9C}.Release|Mixed Platforms.ActiveCfg = Release|x64
		{1B557E00-D6BC-4C7F-B0D0-2CD68B2EEA9C}.Release|Mixed Platforms.Build.0 = Release|x64
		{1B557E00-D6BC-4C7F-B0D0-2CD68B2EEA9C}.Release|x64.ActiveCfg = Release|x64
		{1B557E00-D6BC-4C7F-B0D0-2CD68B2EEA9C}.Release|x64.Build.0 = Release|x64
		{1B557E00-D6BC-4C7F-B0D0-2CD68B2EEA9C}.Release|x86.ActiveCfg = Release|x64
		{65F07650-0241-4B53-92C3-E235C505E227}.Debug|Any CPU.ActiveCfg = Debug|Any CPU
		{65F07650-0241-4B53-92C3-E235C505E227}.Debug|Any CPU.Build.0 = Debug|Any CPU
		{65F07650-0241-4B53-92C3-E235C505E227}.Debug|Mixed Platforms.ActiveCfg = Debug|x64
		{65F07650-0241-4B53-92C3-E235C505E227}.Debug|Mixed Platforms.Build.0 = Debug|x64
		{65F07650-0241-4B53-92C3-E235C505E227}.Debug|x64.ActiveCfg = Debug|x64
		{65F07650-0241-4B53-92C3-E235C505E227}.Debug|x64.Build.0 = Debug|x64
		{65F07650-0241-4B53-92C3-E235C505E227}.Debug|x86.ActiveCfg = Debug|x64
		{65F07650-0241-4B53-92C3-E235C505E227}.Release|Any CPU.ActiveCfg = Release|Any CPU
		{65F07650-0241-4B53-92C3-E235C505E227}.Release|Any CPU.Build.0 = Release|Any CPU
		{65F07650-0241-4B53-92C3-E235C505E227}.Release|Mixed Platforms.ActiveCfg = Release|x64
		{65F07650-0241-4B53-92C3-E235C505E227}.Release|Mixed Platforms.Build.0 = Release|x64
		{65F07650-0241-4B53-92C3-E235C505E227}.Release|x64.ActiveCfg = Release|x64
		{65F07650-0241-4B53-92C3-E235C505E227}.Release|x64.Build.0 = Release|x64
		{65F07650-0241-4B53-92C3-E235C505E227}.Release|x86.ActiveCfg = Release|x64
		{DEDF4758-60D9-4386-8263-92EB2E845C16}.Debug|Any CPU.ActiveCfg = Debug|Any CPU
		{DEDF4758-60D9-4386-8263-92EB2E845C16}.Debug|Any CPU.Build.0 = Debug|Any CPU
		{DEDF4758-60D9-4386-8263-92EB2E845C16}.Debug|Mixed Platforms.ActiveCfg = Debug|x64
		{DEDF4758-60D9-4386-8263-92EB2E845C16}.Debug|Mixed Platforms.Build.0 = Debug|x64
		{DEDF4758-60D9-4386-8263-92EB2E845C16}.Debug|x64.ActiveCfg = Debug|x64
		{DEDF4758-60D9-4386-8263-92EB2E845C16}.Debug|x64.Build.0 = Debug|x64
		{DEDF4758-60D9-4386-8263-92EB2E845C16}.Debug|x86.ActiveCfg = Debug|x64
		{DEDF4758-60D9-4386-8263-92EB2E845C16}.Release|Any CPU.ActiveCfg = Release|Any CPU
		{DEDF4758-60D9-4386-8263-92EB2E845C16}.Release|Any CPU.Build.0 = Release|Any CPU
		{DEDF4758-60D9-4386-8263-92EB2E845C16}.Release|Mixed Platforms.ActiveCfg = Release|x64
		{DEDF4758-60D9-4386-8263-92EB2E845C16}.Release|Mixed Platforms.Build.0 = Release|x64
		{DEDF4758-60D9-4386-8263-92EB2E845C16}.Release|x64.ActiveCfg = Release|x64
		{DEDF4758-60D9-4386-8263-92EB2E845C16}.Release|x64.Build.0 = Release|x64
		{DEDF4758-60D9-4386-8263-92EB2E845C16}.Release|x86.ActiveCfg = Release|x64
		{FB088A57-D7C3-4E75-B08E-A32972F1E017}.Debug|Any CPU.ActiveCfg = Debug|Any CPU
		{FB088A57-D7C3-4E75-B08E-A32972F1E017}.Debug|Any CPU.Build.0 = Debug|Any CPU
		{FB088A57-D7C3-4E75-B08E-A32972F1E017}.Debug|Mixed Platforms.ActiveCfg = Debug|x64
		{FB088A57-D7C3-4E75-B08E-A32972F1E017}.Debug|Mixed Platforms.Build.0 = Debug|x64
		{FB088A57-D7C3-4E75-B08E-A32972F1E017}.Debug|x64.ActiveCfg = Debug|x64
		{FB088A57-D7C3-4E75-B08E-A32972F1E017}.Debug|x64.Build.0 = Debug|x64
		{FB088A57-D7C3-4E75-B08E-A32972F1E017}.Debug|x86.ActiveCfg = Debug|x64
		{FB088A57-D7C3-4E75-B08E-A32972F1E017}.Release|Any CPU.ActiveCfg = Release|Any CPU
		{FB088A57-D7C3-4E75-B08E-A32972F1E017}.Release|Any CPU.Build.0 = Release|Any CPU
		{FB088A57-D7C3-4E75-B08E-A32972F1E017}.Release|Mixed Platforms.ActiveCfg = Release|x64
		{FB088A57-D7C3-4E75-B08E-A32972F1E017}.Release|Mixed Platforms.Build.0 = Release|x64
		{FB088A57-D7C3-4E75-B08E-A32972F1E017}.Release|x64.ActiveCfg = Release|x64
		{FB088A57-D7C3-4E75-B08E-A32972F1E017}.Release|x64.Build.0 = Release|x64
		{FB088A57-D7C3-4E75-B08E-A32972F1E017}.Release|x86.ActiveCfg = Release|x64
		{D696538A-8831-4A9C-9549-66ABA8BA0B1C}.Debug|Any CPU.ActiveCfg = Debug|Any CPU
		{D696538A-8831-4A9C-9549-66ABA8BA0B1C}.Debug|Any CPU.Build.0 = Debug|Any CPU
		{D696538A-8831-4A9C-9549-66ABA8BA0B1C}.Debug|Mixed Platforms.ActiveCfg = Debug|x64
		{D696538A-8831-4A9C-9549-66ABA8BA0B1C}.Debug|Mixed Platforms.Build.0 = Debug|x64
		{D696538A-8831-4A9C-9549-66ABA8BA0B1C}.Debug|x64.ActiveCfg = Debug|x64
		{D696538A-8831-4A9C-9549-66ABA8BA0B1C}.Debug|x64.Build.0 = Debug|x64
		{D696538A-8831-4A9C-9549-66ABA8BA0B1C}.Debug|x86.ActiveCfg = Debug|x64
		{D696538A-8831-4A9C-9549-66ABA8BA0B1C}.Release|Any CPU.ActiveCfg = Release|Any CPU
		{D696538A-8831-4A9C-9549-66ABA8BA0B1C}.Release|Any CPU.Build.0 = Release|Any CPU
		{D696538A-8831-4A9C-9549-66ABA8BA0B1C}.Release|Mixed Platforms.ActiveCfg = Release|x64
		{D696538A-8831-4A9C-9549-66ABA8BA0B1C}.Release|Mixed Platforms.Build.0 = Release|x64
		{D696538A-8831-4A9C-9549-66ABA8BA0B1C}.Release|x64.ActiveCfg = Release|x64
		{D696538A-8831-4A9C-9549-66ABA8BA0B1C}.Release|x64.Build.0 = Release|x64
		{D696538A-8831-4A9C-9549-66ABA8BA0B1C}.Release|x86.ActiveCfg = Release|x64
		{FB2E41E3-B6C0-4267-9A46-19C89A5238A5}.Debug|Any CPU.ActiveCfg = Debug|Any CPU
		{FB2E41E3-B6C0-4267-9A46-19C89A5238A5}.Debug|Any CPU.Build.0 = Debug|Any CPU
		{FB2E41E3-B6C0-4267-9A46-19C89A5238A5}.Debug|Mixed Platforms.ActiveCfg = Debug|x64
		{FB2E41E3-B6C0-4267-9A46-19C89A5238A5}.Debug|Mixed Platforms.Build.0 = Debug|x64
		{FB2E41E3-B6C0-4267-9A46-19C89A5238A5}.Debug|x64.ActiveCfg = Debug|x64
		{FB2E41E3-B6C0-4267-9A46-19C89A5238A5}.Debug|x64.Build.0 = Debug|x64
		{FB2E41E3-B6C0-4267-9A46-19C89A5238A5}.Debug|x86.ActiveCfg = Debug|x64
		{FB2E41E3-B6C0-4267-9A46-19C89A5238A5}.Release|Any CPU.ActiveCfg = Release|Any CPU
		{FB2E41E3-B6C0-4267-9A46-19C89A5238A5}.Release|Any CPU.Build.0 = Release|Any CPU
		{FB2E41E3-B6C0-4267-9A46-19C89A5238A5}.Release|Mixed Platforms.ActiveCfg = Release|x64
		{FB2E41E3-B6C0-4267-9A46-19C89A5238A5}.Release|Mixed Platforms.Build.0 = Release|x64
		{FB2E41E3-B6C0-4267-9A46-19C89A5238A5}.Release|x64.ActiveCfg = Release|Any CPU
		{FB2E41E3-B6C0-4267-9A46-19C89A5238A5}.Release|x86.ActiveCfg = Release|x64
		{0F24E811-9B5C-4C2B-B4B7-AD3C4AF78B13}.Debug|Any CPU.ActiveCfg = Debug|x86
		{0F24E811-9B5C-4C2B-B4B7-AD3C4AF78B13}.Debug|Mixed Platforms.ActiveCfg = Debug|x64
		{0F24E811-9B5C-4C2B-B4B7-AD3C4AF78B13}.Debug|Mixed Platforms.Build.0 = Debug|x64
		{0F24E811-9B5C-4C2B-B4B7-AD3C4AF78B13}.Debug|x64.ActiveCfg = Debug|x86
		{0F24E811-9B5C-4C2B-B4B7-AD3C4AF78B13}.Debug|x86.ActiveCfg = Debug|x86
		{0F24E811-9B5C-4C2B-B4B7-AD3C4AF78B13}.Debug|x86.Build.0 = Debug|x86
		{0F24E811-9B5C-4C2B-B4B7-AD3C4AF78B13}.Release|Any CPU.ActiveCfg = Release|x86
		{0F24E811-9B5C-4C2B-B4B7-AD3C4AF78B13}.Release|Mixed Platforms.ActiveCfg = Release|x86
		{0F24E811-9B5C-4C2B-B4B7-AD3C4AF78B13}.Release|Mixed Platforms.Build.0 = Release|x86
		{0F24E811-9B5C-4C2B-B4B7-AD3C4AF78B13}.Release|x64.ActiveCfg = Release|x86
		{0F24E811-9B5C-4C2B-B4B7-AD3C4AF78B13}.Release|x86.ActiveCfg = Release|x86
		{0F24E811-9B5C-4C2B-B4B7-AD3C4AF78B13}.Release|x86.Build.0 = Release|x86
	EndGlobalSection
	GlobalSection(SolutionProperties) = preSolution
		HideSolutionNode = FALSE
	EndGlobalSection
EndGlobal
